
Microsoft Visual Studio Solution File, Format Version 12.00
# Visual Studio Version 16
VisualStudioVersion = 16.0.31205.134
MinimumVisualStudioVersion = 10.0.40219.1
Project("{FAE04EC0-301F-11D3-BF4B-00C04F79EFBC}") = "ByteBank", "ByteBank\ByteBank.csproj", "{BD5CBC80-5DC4-4B5C-BDA9-32B8C79577EB}"
EndProject
Global
	GlobalSection(SolutionConfigurationPlatforms) = preSolution
		Debug|Any CPU = Debug|Any CPU
		Release|Any CPU = Release|Any CPU
	EndGlobalSection
	GlobalSection(ProjectConfigurationPlatforms) = postSolution
		{BD5CBC80-5DC4-4B5C-BDA9-32B8C79577EB}.Debug|Any CPU.ActiveCfg = Debug|Any CPU
		{BD5CBC80-5DC4-4B5C-BDA9-32B8C79577EB}.Debug|Any CPU.Build.0 = Debug|Any CPU
		{BD5CBC80-5DC4-4B5C-BDA9-32B8C79577EB}.Release|Any CPU.ActiveCfg = Release|Any CPU
		{BD5CBC80-5DC4-4B5C-BDA9-32B8C79577EB}.Release|Any CPU.Build.0 = Release|Any CPU
	EndGlobalSection
	GlobalSection(SolutionProperties) = preSolution
		HideSolutionNode = FALSE
	EndGlobalSection
	GlobalSection(ExtensibilityGlobals) = postSolution
		SolutionGuid = {33F9A60C-DB94-4E88-BC21-448FA0075120}
	EndGlobalSection
EndGlobal
