
Microsoft Visual Studio Solution File, Format Version 12.00
# Visual Studio Version 16
VisualStudioVersion = 16.0.31205.134
MinimumVisualStudioVersion = 10.0.40219.1
Project("{FAE04EC0-301F-11D3-BF4B-00C04F79EFBC}") = "1-PrimeiroPrograma", "1-PrimeiroPrograma\1-PrimeiroPrograma.csproj", "{D2CB4E77-EA24-4759-8452-4A8073E1DA7C}"
EndProject
Project("{FAE04EC0-301F-11D3-BF4B-00C04F79EFBC}") = "2-Variáveis", "2-Variáveis\2-Variáveis.csproj", "{1F4262A6-1146-4909-978E-7EF986EBD269}"
EndProject
Project("{FAE04EC0-301F-11D3-BF4B-00C04F79EFBC}") = "3-VariaveisPontoFlutuante", "3-VariaveisPontoFlutuante\3-VariaveisPontoFlutuante.csproj", "{FC1B1174-0BFC-4D90-9A44-62E5162B8533}"
EndProject
Project("{FAE04EC0-301F-11D3-BF4B-00C04F79EFBC}") = "4-Conversões", "4-Conversões\4-Conversões.csproj", "{31ED4A74-A8E1-4BBA-ADD9-D123770796F1}"
EndProject
Project("{FAE04EC0-301F-11D3-BF4B-00C04F79EFBC}") = "5-CaracteresETexto", "5-CaracteresETexto\5-CaracteresETexto.csproj", "{EDFC48B3-74C2-4979-B2D0-0377B6FDF5AC}"
EndProject
Project("{FAE04EC0-301F-11D3-BF4B-00C04F79EFBC}") = "6-AtribuicoesDeVariaveis", "6-AtribuicoesDeVariaveis\6-AtribuicoesDeVariaveis.csproj", "{B8E04A0B-49A5-46C7-B23C-F4BEA9652B4E}"
EndProject
Project("{FAE04EC0-301F-11D3-BF4B-00C04F79EFBC}") = "7-Condicionais", "7-Condicionais\7-Condicionais.csproj", "{C9058BAE-CBB5-458B-8C84-910E638236F6}"
EndProject
Project("{FAE04EC0-301F-11D3-BF4B-00C04F79EFBC}") = "8-Condicionais II", "8-Condicionais II\8-Condicionais II.csproj", "{2457B382-E5CE-4EDB-B875-D98356E5221F}"
EndProject
Project("{FAE04EC0-301F-11D3-BF4B-00C04F79EFBC}") = "9-Escopo", "9-Escopo\9-Escopo.csproj", "{909C5C38-6FC8-463F-8ACE-761FF68EC75D}"
EndProject
Project("{FAE04EC0-301F-11D3-BF4B-00C04F79EFBC}") = "P10-CalculaPoupanca", "P10-CalculaPoupanca\P10-CalculaPoupanca.csproj", "{20917BB3-E0B8-49E3-85F9-30EB1DB7C325}"
EndProject
Project("{FAE04EC0-301F-11D3-BF4B-00C04F79EFBC}") = "P11-CalculaPoupanca II", "P11-CalculaPoupanca II\P11-CalculaPoupanca II.csproj", "{76BA7C82-2319-4DED-AE54-75BDCE0DA408}"
EndProject
Project("{FAE04EC0-301F-11D3-BF4B-00C04F79EFBC}") = "P12-InvestimentoLongoPrazo", "P12-InvestimentoLongoPrazo\P12-InvestimentoLongoPrazo.csproj", "{389913BE-92F9-4528-983F-05F24AFA68D2}"
EndProject
Global
	GlobalSection(SolutionConfigurationPlatforms) = preSolution
		Debug|Any CPU = Debug|Any CPU
		Release|Any CPU = Release|Any CPU
	EndGlobalSection
	GlobalSection(ProjectConfigurationPlatforms) = postSolution
		{D2CB4E77-EA24-4759-8452-4A8073E1DA7C}.Debug|Any CPU.ActiveCfg = Debug|Any CPU
		{D2CB4E77-EA24-4759-8452-4A8073E1DA7C}.Debug|Any CPU.Build.0 = Debug|Any CPU
		{D2CB4E77-EA24-4759-8452-4A8073E1DA7C}.Release|Any CPU.ActiveCfg = Release|Any CPU
		{D2CB4E77-EA24-4759-8452-4A8073E1DA7C}.Release|Any CPU.Build.0 = Release|Any CPU
		{1F4262A6-1146-4909-978E-7EF986EBD269}.Debug|Any CPU.ActiveCfg = Debug|Any CPU
		{1F4262A6-1146-4909-978E-7EF986EBD269}.Debug|Any CPU.Build.0 = Debug|Any CPU
		{1F4262A6-1146-4909-978E-7EF986EBD269}.Release|Any CPU.ActiveCfg = Release|Any CPU
		{1F4262A6-1146-4909-978E-7EF986EBD269}.Release|Any CPU.Build.0 = Release|Any CPU
		{FC1B1174-0BFC-4D90-9A44-62E5162B8533}.Debug|Any CPU.ActiveCfg = Debug|Any CPU
		{FC1B1174-0BFC-4D90-9A44-62E5162B8533}.Debug|Any CPU.Build.0 = Debug|Any CPU
		{FC1B1174-0BFC-4D90-9A44-62E5162B8533}.Release|Any CPU.ActiveCfg = Release|Any CPU
		{FC1B1174-0BFC-4D90-9A44-62E5162B8533}.Release|Any CPU.Build.0 = Release|Any CPU
		{31ED4A74-A8E1-4BBA-ADD9-D123770796F1}.Debug|Any CPU.ActiveCfg = Debug|Any CPU
		{31ED4A74-A8E1-4BBA-ADD9-D123770796F1}.Debug|Any CPU.Build.0 = Debug|Any CPU
		{31ED4A74-A8E1-4BBA-ADD9-D123770796F1}.Release|Any CPU.ActiveCfg = Release|Any CPU
		{31ED4A74-A8E1-4BBA-ADD9-D123770796F1}.Release|Any CPU.Build.0 = Release|Any CPU
		{EDFC48B3-74C2-4979-B2D0-0377B6FDF5AC}.Debug|Any CPU.ActiveCfg = Debug|Any CPU
		{EDFC48B3-74C2-4979-B2D0-0377B6FDF5AC}.Debug|Any CPU.Build.0 = Debug|Any CPU
		{EDFC48B3-74C2-4979-B2D0-0377B6FDF5AC}.Release|Any CPU.ActiveCfg = Release|Any CPU
		{EDFC48B3-74C2-4979-B2D0-0377B6FDF5AC}.Release|Any CPU.Build.0 = Release|Any CPU
		{B8E04A0B-49A5-46C7-B23C-F4BEA9652B4E}.Debug|Any CPU.ActiveCfg = Debug|Any CPU
		{B8E04A0B-49A5-46C7-B23C-F4BEA9652B4E}.Debug|Any CPU.Build.0 = Debug|Any CPU
		{B8E04A0B-49A5-46C7-B23C-F4BEA9652B4E}.Release|Any CPU.ActiveCfg = Release|Any CPU
		{B8E04A0B-49A5-46C7-B23C-F4BEA9652B4E}.Release|Any CPU.Build.0 = Release|Any CPU
		{C9058BAE-CBB5-458B-8C84-910E638236F6}.Debug|Any CPU.ActiveCfg = Debug|Any CPU
		{C9058BAE-CBB5-458B-8C84-910E638236F6}.Debug|Any CPU.Build.0 = Debug|Any CPU
		{C9058BAE-CBB5-458B-8C84-910E638236F6}.Release|Any CPU.ActiveCfg = Release|Any CPU
		{C9058BAE-CBB5-458B-8C84-910E638236F6}.Release|Any CPU.Build.0 = Release|Any CPU
		{2457B382-E5CE-4EDB-B875-D98356E5221F}.Debug|Any CPU.ActiveCfg = Debug|Any CPU
		{2457B382-E5CE-4EDB-B875-D98356E5221F}.Debug|Any CPU.Build.0 = Debug|Any CPU
		{2457B382-E5CE-4EDB-B875-D98356E5221F}.Release|Any CPU.ActiveCfg = Release|Any CPU
		{2457B382-E5CE-4EDB-B875-D98356E5221F}.Release|Any CPU.Build.0 = Release|Any CPU
		{909C5C38-6FC8-463F-8ACE-761FF68EC75D}.Debug|Any CPU.ActiveCfg = Debug|Any CPU
		{909C5C38-6FC8-463F-8ACE-761FF68EC75D}.Debug|Any CPU.Build.0 = Debug|Any CPU
		{909C5C38-6FC8-463F-8ACE-761FF68EC75D}.Release|Any CPU.ActiveCfg = Release|Any CPU
		{909C5C38-6FC8-463F-8ACE-761FF68EC75D}.Release|Any CPU.Build.0 = Release|Any CPU
		{20917BB3-E0B8-49E3-85F9-30EB1DB7C325}.Debug|Any CPU.ActiveCfg = Debug|Any CPU
		{20917BB3-E0B8-49E3-85F9-30EB1DB7C325}.Debug|Any CPU.Build.0 = Debug|Any CPU
		{20917BB3-E0B8-49E3-85F9-30EB1DB7C325}.Release|Any CPU.ActiveCfg = Release|Any CPU
		{20917BB3-E0B8-49E3-85F9-30EB1DB7C325}.Release|Any CPU.Build.0 = Release|Any CPU
		{76BA7C82-2319-4DED-AE54-75BDCE0DA408}.Debug|Any CPU.ActiveCfg = Debug|Any CPU
		{76BA7C82-2319-4DED-AE54-75BDCE0DA408}.Debug|Any CPU.Build.0 = Debug|Any CPU
		{76BA7C82-2319-4DED-AE54-75BDCE0DA408}.Release|Any CPU.ActiveCfg = Release|Any CPU
		{76BA7C82-2319-4DED-AE54-75BDCE0DA408}.Release|Any CPU.Build.0 = Release|Any CPU
		{389913BE-92F9-4528-983F-05F24AFA68D2}.Debug|Any CPU.ActiveCfg = Debug|Any CPU
		{389913BE-92F9-4528-983F-05F24AFA68D2}.Debug|Any CPU.Build.0 = Debug|Any CPU
		{389913BE-92F9-4528-983F-05F24AFA68D2}.Release|Any CPU.ActiveCfg = Release|Any CPU
		{389913BE-92F9-4528-983F-05F24AFA68D2}.Release|Any CPU.Build.0 = Release|Any CPU
	EndGlobalSection
	GlobalSection(SolutionProperties) = preSolution
		HideSolutionNode = FALSE
	EndGlobalSection
	GlobalSection(ExtensibilityGlobals) = postSolution
		SolutionGuid = {00A19775-2BEA-4F24-958C-034BAF7E27E1}
	EndGlobalSection
EndGlobal
